// !$*UTF8*$!
{
	archiveVersion = 1;
	classes = {
	};
	objectVersion = 50;
	objects = {

/* Begin PBXBuildFile section */
		3935F16E21EF1B4B00BD02B3 /* UserInfoManager.swift in Sources */ = {isa = PBXBuildFile; fileRef = 3935F16D21EF1B4B00BD02B3 /* UserInfoManager.swift */; };
		3987F22E21CB6641002B41A0 /* AppDelegate.swift in Sources */ = {isa = PBXBuildFile; fileRef = 3987F22D21CB6641002B41A0 /* AppDelegate.swift */; };
		3987F23321CB6641002B41A0 /* Main.storyboard in Resources */ = {isa = PBXBuildFile; fileRef = 3987F23121CB6641002B41A0 /* Main.storyboard */; };
		3987F23621CB6641002B41A0 /* MyMemory.xcdatamodeld in Sources */ = {isa = PBXBuildFile; fileRef = 3987F23421CB6641002B41A0 /* MyMemory.xcdatamodeld */; };
		3987F23821CB6643002B41A0 /* Assets.xcassets in Resources */ = {isa = PBXBuildFile; fileRef = 3987F23721CB6643002B41A0 /* Assets.xcassets */; };
		3987F23B21CB6643002B41A0 /* LaunchScreen.storyboard in Resources */ = {isa = PBXBuildFile; fileRef = 3987F23921CB6643002B41A0 /* LaunchScreen.storyboard */; };
		39D1A44221CCA2A700EEE5EF /* MemoListVC.swift in Sources */ = {isa = PBXBuildFile; fileRef = 39D1A44121CCA2A700EEE5EF /* MemoListVC.swift */; };
		39D1A44421CCA2D900EEE5EF /* MemoFormVC.swift in Sources */ = {isa = PBXBuildFile; fileRef = 39D1A44321CCA2D900EEE5EF /* MemoFormVC.swift */; };
		39D1A44621CCA2E800EEE5EF /* MemoReadVC.swift in Sources */ = {isa = PBXBuildFile; fileRef = 39D1A44521CCA2E800EEE5EF /* MemoReadVC.swift */; };
		39D1A44821CCA33C00EEE5EF /* MemoCell.swift in Sources */ = {isa = PBXBuildFile; fileRef = 39D1A44721CCA33C00EEE5EF /* MemoCell.swift */; };
		39D1A44A21CCA3B100EEE5EF /* MemoData.swift in Sources */ = {isa = PBXBuildFile; fileRef = 39D1A44921CCA3B100EEE5EF /* MemoData.swift */; };
		39D1A44C21CCC25200EEE5EF /* fountainpen@2x.png in Resources */ = {isa = PBXBuildFile; fileRef = 39D1A44B21CCC25200EEE5EF /* fountainpen@2x.png */; };
		39D64CF521E573D10008FF6D /* CSLogButton.swift in Sources */ = {isa = PBXBuildFile; fileRef = 39D64CF421E573D10008FF6D /* CSLogButton.swift */; };
		39D64CFA21E574E20008FF6D /* warning-icon-60@2x.png in Resources */ = {isa = PBXBuildFile; fileRef = 39D64CF621E574E10008FF6D /* warning-icon-60@2x.png */; };
		39D64CFB21E574E20008FF6D /* fountainpen@2x.png in Resources */ = {isa = PBXBuildFile; fileRef = 39D64CF721E574E10008FF6D /* fountainpen@2x.png */; };
		39D64CFC21E574E20008FF6D /* memo-background@2x.png in Resources */ = {isa = PBXBuildFile; fileRef = 39D64CF821E574E10008FF6D /* memo-background@2x.png */; };
		39D64CFD21E574E20008FF6D /* button-bg.png in Resources */ = {isa = PBXBuildFile; fileRef = 39D64CF921E574E20008FF6D /* button-bg.png */; };
/* End PBXBuildFile section */

/* Begin PBXFileReference section */
		3935F16D21EF1B4B00BD02B3 /* UserInfoManager.swift */ = {isa = PBXFileReference; lastKnownFileType = sourcecode.swift; path = UserInfoManager.swift; sourceTree = "<group>"; };
		3987F22A21CB6641002B41A0 /* MyMemory.app */ = {isa = PBXFileReference; explicitFileType = wrapper.application; includeInIndex = 0; path = MyMemory.app; sourceTree = BUILT_PRODUCTS_DIR; };
		3987F22D21CB6641002B41A0 /* AppDelegate.swift */ = {isa = PBXFileReference; lastKnownFileType = sourcecode.swift; path = AppDelegate.swift; sourceTree = "<group>"; };
		3987F23221CB6641002B41A0 /* Base */ = {isa = PBXFileReference; lastKnownFileType = file.storyboard; name = Base; path = Base.lproj/Main.storyboard; sourceTree = "<group>"; };
		3987F23521CB6641002B41A0 /* MyMemory.xcdatamodel */ = {isa = PBXFileReference; lastKnownFileType = wrapper.xcdatamodel; path = MyMemory.xcdatamodel; sourceTree = "<group>"; };
		3987F23721CB6643002B41A0 /* Assets.xcassets */ = {isa = PBXFileReference; lastKnownFileType = folder.assetcatalog; path = Assets.xcassets; sourceTree = "<group>"; };
		3987F23A21CB6643002B41A0 /* Base */ = {isa = PBXFileReference; lastKnownFileType = file.storyboard; name = Base; path = Base.lproj/LaunchScreen.storyboard; sourceTree = "<group>"; };
		3987F23C21CB6643002B41A0 /* Info.plist */ = {isa = PBXFileReference; lastKnownFileType = text.plist.xml; path = Info.plist; sourceTree = "<group>"; };
		39D1A44121CCA2A700EEE5EF /* MemoListVC.swift */ = {isa = PBXFileReference; lastKnownFileType = sourcecode.swift; path = MemoListVC.swift; sourceTree = "<group>"; };
		39D1A44321CCA2D900EEE5EF /* MemoFormVC.swift */ = {isa = PBXFileReference; lastKnownFileType = sourcecode.swift; path = MemoFormVC.swift; sourceTree = "<group>"; };
		39D1A44521CCA2E800EEE5EF /* MemoReadVC.swift */ = {isa = PBXFileReference; lastKnownFileType = sourcecode.swift; path = MemoReadVC.swift; sourceTree = "<group>"; };
		39D1A44721CCA33C00EEE5EF /* MemoCell.swift */ = {isa = PBXFileReference; lastKnownFileType = sourcecode.swift; path = MemoCell.swift; sourceTree = "<group>"; };
		39D1A44921CCA3B100EEE5EF /* MemoData.swift */ = {isa = PBXFileReference; lastKnownFileType = sourcecode.swift; path = MemoData.swift; sourceTree = "<group>"; };
		39D1A44B21CCC25200EEE5EF /* fountainpen@2x.png */ = {isa = PBXFileReference; lastKnownFileType = image.png; path = "fountainpen@2x.png"; sourceTree = "<group>"; };
		39D64CF421E573D10008FF6D /* CSLogButton.swift */ = {isa = PBXFileReference; lastKnownFileType = sourcecode.swift; path = CSLogButton.swift; sourceTree = "<group>"; };
		39D64CF621E574E10008FF6D /* warning-icon-60@2x.png */ = {isa = PBXFileReference; lastKnownFileType = image.png; path = "warning-icon-60@2x.png"; sourceTree = "<group>"; };
		39D64CF721E574E10008FF6D /* fountainpen@2x.png */ = {isa = PBXFileReference; lastKnownFileType = image.png; name = "fountainpen@2x.png"; path = "../../../../../../../Documents/GitHub/Swift-Practice/Chapter03/MyMemory/fountainpen@2x.png"; sourceTree = "<group>"; };
		39D64CF821E574E10008FF6D /* memo-background@2x.png */ = {isa = PBXFileReference; lastKnownFileType = image.png; path = "memo-background@2x.png"; sourceTree = "<group>"; };
		39D64CF921E574E20008FF6D /* button-bg.png */ = {isa = PBXFileReference; lastKnownFileType = image.png; path = "button-bg.png"; sourceTree = "<group>"; };
/* End PBXFileReference section */

/* Begin PBXFrameworksBuildPhase section */
		3987F22721CB6641002B41A0 /* Frameworks */ = {
			isa = PBXFrameworksBuildPhase;
			buildActionMask = 2147483647;
			files = (
			);
			runOnlyForDeploymentPostprocessing = 0;
		};
/* End PBXFrameworksBuildPhase section */

/* Begin PBXGroup section */
		3987F22121CB6641002B41A0 = {
			isa = PBXGroup;
			children = (
				39D1A44D21CCC27300EEE5EF /* Resources */,
				3987F22C21CB6641002B41A0 /* MyMemory */,
				3987F22B21CB6641002B41A0 /* Products */,
			);
			sourceTree = "<group>";
		};
		3987F22B21CB6641002B41A0 /* Products */ = {
			isa = PBXGroup;
			children = (
				3987F22A21CB6641002B41A0 /* MyMemory.app */,
			);
			name = Products;
			sourceTree = "<group>";
		};
		3987F22C21CB6641002B41A0 /* MyMemory */ = {
			isa = PBXGroup;
			children = (
				3987F22D21CB6641002B41A0 /* AppDelegate.swift */,
				3987F23121CB6641002B41A0 /* Main.storyboard */,
				39D1A44921CCA3B100EEE5EF /* MemoData.swift */,
				39D1A44721CCA33C00EEE5EF /* MemoCell.swift */,
				3987F23721CB6643002B41A0 /* Assets.xcassets */,
				3987F23921CB6643002B41A0 /* LaunchScreen.storyboard */,
				3987F23C21CB6643002B41A0 /* Info.plist */,
				3987F23421CB6641002B41A0 /* MyMemory.xcdatamodeld */,
				39D1A44121CCA2A700EEE5EF /* MemoListVC.swift */,
				39D1A44321CCA2D900EEE5EF /* MemoFormVC.swift */,
				39D1A44521CCA2E800EEE5EF /* MemoReadVC.swift */,
				39D64CF421E573D10008FF6D /* CSLogButton.swift */,
				3935F16D21EF1B4B00BD02B3 /* UserInfoManager.swift */,
			);
			path = MyMemory;
			sourceTree = "<group>";
		};
		39D1A44D21CCC27300EEE5EF /* Resources */ = {
			isa = PBXGroup;
			children = (
				39D64CF921E574E20008FF6D /* button-bg.png */,
				39D64CF721E574E10008FF6D /* fountainpen@2x.png */,
				39D64CF821E574E10008FF6D /* memo-background@2x.png */,
				39D64CF621E574E10008FF6D /* warning-icon-60@2x.png */,
				39D1A44B21CCC25200EEE5EF /* fountainpen@2x.png */,
			);
			path = Resources;
			sourceTree = "<group>";
		};
/* End PBXGroup section */

/* Begin PBXNativeTarget section */
		3987F22921CB6641002B41A0 /* MyMemory */ = {
			isa = PBXNativeTarget;
			buildConfigurationList = 3987F23F21CB6643002B41A0 /* Build configuration list for PBXNativeTarget "MyMemory" */;
			buildPhases = (
				3987F22621CB6641002B41A0 /* Sources */,
				3987F22721CB6641002B41A0 /* Frameworks */,
				3987F22821CB6641002B41A0 /* Resources */,
			);
			buildRules = (
			);
			dependencies = (
			);
			name = MyMemory;
			productName = MyMemory;
			productReference = 3987F22A21CB6641002B41A0 /* MyMemory.app */;
			productType = "com.apple.product-type.application";
		};
/* End PBXNativeTarget section */

/* Begin PBXProject section */
		3987F22221CB6641002B41A0 /* Project object */ = {
			isa = PBXProject;
			attributes = {
				LastSwiftUpdateCheck = 1010;
				LastUpgradeCheck = 1010;
				ORGANIZATIONNAME = "이형재";
				TargetAttributes = {
					3987F22921CB6641002B41A0 = {
						CreatedOnToolsVersion = 10.1;
					};
				};
			};
			buildConfigurationList = 3987F22521CB6641002B41A0 /* Build configuration list for PBXProject "MyMemory" */;
			compatibilityVersion = "Xcode 9.3";
			developmentRegion = en;
			hasScannedForEncodings = 0;
			knownRegions = (
				en,
				Base,
			);
			mainGroup = 3987F22121CB6641002B41A0;
			productRefGroup = 3987F22B21CB6641002B41A0 /* Products */;
			projectDirPath = "";
			projectRoot = "";
			targets = (
				3987F22921CB6641002B41A0 /* MyMemory */,
			);
		};
/* End PBXProject section */

/* Begin PBXResourcesBuildPhase section */
		3987F22821CB6641002B41A0 /* Resources */ = {
			isa = PBXResourcesBuildPhase;
			buildActionMask = 2147483647;
			files = (
				39D64CFC21E574E20008FF6D /* memo-background@2x.png in Resources */,
				39D64CFB21E574E20008FF6D /* fountainpen@2x.png in Resources */,
				39D64CFD21E574E20008FF6D /* button-bg.png in Resources */,
				3987F23B21CB6643002B41A0 /* LaunchScreen.storyboard in Resources */,
				39D64CFA21E574E20008FF6D /* warning-icon-60@2x.png in Resources */,
				3987F23821CB6643002B41A0 /* Assets.xcassets in Resources */,
				39D1A44C21CCC25200EEE5EF /* fountainpen@2x.png in Resources */,
				3987F23321CB6641002B41A0 /* Main.storyboard in Resources */,
			);
			runOnlyForDeploymentPostprocessing = 0;
		};
/* End PBXResourcesBuildPhase section */

/* Begin PBXSourcesBuildPhase section */
		3987F22621CB6641002B41A0 /* Sources */ = {
			isa = PBXSourcesBuildPhase;
			buildActionMask = 2147483647;
			files = (
				39D1A44221CCA2A700EEE5EF /* MemoListVC.swift in Sources */,
				39D1A44621CCA2E800EEE5EF /* MemoReadVC.swift in Sources */,
				3987F23621CB6641002B41A0 /* MyMemory.xcdatamodeld in Sources */,
				39D1A44A21CCA3B100EEE5EF /* MemoData.swift in Sources */,
				39D1A44421CCA2D900EEE5EF /* MemoFormVC.swift in Sources */,
				39D64CF521E573D10008FF6D /* CSLogButton.swift in Sources */,
				3987F22E21CB6641002B41A0 /* AppDelegate.swift in Sources */,
				39D1A44821CCA33C00EEE5EF /* MemoCell.swift in Sources */,
				3935F16E21EF1B4B00BD02B3 /* UserInfoManager.swift in Sources */,
			);
			runOnlyForDeploymentPostprocessing = 0;
		};
/* End PBXSourcesBuildPhase section */

/* Begin PBXVariantGroup section */
		3987F23121CB6641002B41A0 /* Main.storyboard */ = {
			isa = PBXVariantGroup;
			children = (
				3987F23221CB6641002B41A0 /* Base */,
			);
			name = Main.storyboard;
			sourceTree = "<group>";
		};
		3987F23921CB6643002B41A0 /* LaunchScreen.storyboard */ = {
			isa = PBXVariantGroup;
			children = (
				3987F23A21CB6643002B41A0 /* Base */,
			);
			name = LaunchScreen.storyboard;
			sourceTree = "<group>";
		};
/* End PBXVariantGroup section */

/* Begin XCBuildConfiguration section */
		3987F23D21CB6643002B41A0 /* Debug */ = {
			isa = XCBuildConfiguration;
			buildSettings = {
				ALWAYS_SEARCH_USER_PATHS = NO;
				CLANG_ANALYZER_NONNULL = YES;
				CLANG_ANALYZER_NUMBER_OBJECT_CONVERSION = YES_AGGRESSIVE;
				CLANG_CXX_LANGUAGE_STANDARD = "gnu++14";
				CLANG_CXX_LIBRARY = "libc++";
				CLANG_ENABLE_MODULES = YES;
				CLANG_ENABLE_OBJC_ARC = YES;
				CLANG_ENABLE_OBJC_WEAK = YES;
				CLANG_WARN_BLOCK_CAPTURE_AUTORELEASING = YES;
				CLANG_WARN_BOOL_CONVERSION = YES;
				CLANG_WARN_COMMA = YES;
				CLANG_WARN_CONSTANT_CONVERSION = YES;
				CLANG_WARN_DEPRECATED_OBJC_IMPLEMENTATIONS = YES;
				CLANG_WARN_DIRECT_OBJC_ISA_USAGE = YES_ERROR;
				CLANG_WARN_DOCUMENTATION_COMMENTS = YES;
				CLANG_WARN_EMPTY_BODY = YES;
				CLANG_WARN_ENUM_CONVERSION = YES;
				CLANG_WARN_INFINITE_RECURSION = YES;
				CLANG_WARN_INT_CONVERSION = YES;
				CLANG_WARN_NON_LITERAL_NULL_CONVERSION = YES;
				CLANG_WARN_OBJC_IMPLICIT_RETAIN_SELF = YES;
				CLANG_WARN_OBJC_LITERAL_CONVERSION = YES;
				CLANG_WARN_OBJC_ROOT_CLASS = YES_ERROR;
				CLANG_WARN_RANGE_LOOP_ANALYSIS = YES;
				CLANG_WARN_STRICT_PROTOTYPES = YES;
				CLANG_WARN_SUSPICIOUS_MOVE = YES;
				CLANG_WARN_UNGUARDED_AVAILABILITY = YES_AGGRESSIVE;
				CLANG_WARN_UNREACHABLE_CODE = YES;
				CLANG_WARN__DUPLICATE_METHOD_MATCH = YES;
				CODE_SIGN_IDENTITY = "iPhone Developer";
				COPY_PHASE_STRIP = NO;
				DEBUG_INFORMATION_FORMAT = dwarf;
				ENABLE_STRICT_OBJC_MSGSEND = YES;
				ENABLE_TESTABILITY = YES;
				GCC_C_LANGUAGE_STANDARD = gnu11;
				GCC_DYNAMIC_NO_PIC = NO;
				GCC_NO_COMMON_BLOCKS = YES;
				GCC_OPTIMIZATION_LEVEL = 0;
				GCC_PREPROCESSOR_DEFINITIONS = (
					"DEBUG=1",
					"$(inherited)",
				);
				GCC_WARN_64_TO_32_BIT_CONVERSION = YES;
				GCC_WARN_ABOUT_RETURN_TYPE = YES_ERROR;
				GCC_WARN_UNDECLARED_SELECTOR = YES;
				GCC_WARN_UNINITIALIZED_AUTOS = YES_AGGRESSIVE;
				GCC_WARN_UNUSED_FUNCTION = YES;
				GCC_WARN_UNUSED_VARIABLE = YES;
				IPHONEOS_DEPLOYMENT_TARGET = 12.1;
				MTL_ENABLE_DEBUG_INFO = INCLUDE_SOURCE;
				MTL_FAST_MATH = YES;
				ONLY_ACTIVE_ARCH = YES;
				SDKROOT = iphoneos;
				SWIFT_ACTIVE_COMPILATION_CONDITIONS = DEBUG;
				SWIFT_OPTIMIZATION_LEVEL = "-Onone";
			};
			name = Debug;
		};
		3987F23E21CB6643002B41A0 /* Release */ = {
			isa = XCBuildConfiguration;
			buildSettings = {
				ALWAYS_SEARCH_USER_PATHS = NO;
				CLANG_ANALYZER_NONNULL = YES;
				CLANG_ANALYZER_NUMBER_OBJECT_CONVERSION = YES_AGGRESSIVE;
				CLANG_CXX_LANGUAGE_STANDARD = "gnu++14";
				CLANG_CXX_LIBRARY = "libc++";
				CLANG_ENABLE_MODULES = YES;
				CLANG_ENABLE_OBJC_ARC = YES;
				CLANG_ENABLE_OBJC_WEAK = YES;
				CLANG_WARN_BLOCK_CAPTURE_AUTORELEASING = YES;
				CLANG_WARN_BOOL_CONVERSION = YES;
				CLANG_WARN_COMMA = YES;
				CLANG_WARN_CONSTANT_CONVERSION = YES;
				CLANG_WARN_DEPRECATED_OBJC_IMPLEMENTATIONS = YES;
				CLANG_WARN_DIRECT_OBJC_ISA_USAGE = YES_ERROR;
				CLANG_WARN_DOCUMENTATION_COMMENTS = YES;
				CLANG_WARN_EMPTY_BODY = YES;
				CLANG_WARN_ENUM_CONVERSION = YES;
				CLANG_WARN_INFINITE_RECURSION = YES;
				CLANG_WARN_INT_CONVERSION = YES;
				CLANG_WARN_NON_LITERAL_NULL_CONVERSION = YES;
				CLANG_WARN_OBJC_IMPLICIT_RETAIN_SELF = YES;
				CLANG_WARN_OBJC_LITERAL_CONVERSION = YES;
				CLANG_WARN_OBJC_ROOT_CLASS = YES_ERROR;
				CLANG_WARN_RANGE_LOOP_ANALYSIS = YES;
				CLANG_WARN_STRICT_PROTOTYPES = YES;
				CLANG_WARN_SUSPICIOUS_MOVE = YES;
				CLANG_WARN_UNGUARDED_AVAILABILITY = YES_AGGRESSIVE;
				CLANG_WARN_UNREACHABLE_CODE = YES;
				CLANG_WARN__DUPLICATE_METHOD_MATCH = YES;
				CODE_SIGN_IDENTITY = "iPhone Developer";
				COPY_PHASE_STRIP = NO;
				DEBUG_INFORMATION_FORMAT = "dwarf-with-dsym";
				ENABLE_NS_ASSERTIONS = NO;
				ENABLE_STRICT_OBJC_MSGSEND = YES;
				GCC_C_LANGUAGE_STANDARD = gnu11;
				GCC_NO_COMMON_BLOCKS = YES;
				GCC_WARN_64_TO_32_BIT_CONVERSION = YES;
				GCC_WARN_ABOUT_RETURN_TYPE = YES_ERROR;
				GCC_WARN_UNDECLARED_SELECTOR = YES;
				GCC_WARN_UNINITIALIZED_AUTOS = YES_AGGRESSIVE;
				GCC_WARN_UNUSED_FUNCTION = YES;
				GCC_WARN_UNUSED_VARIABLE = YES;
				IPHONEOS_DEPLOYMENT_TARGET = 12.1;
				MTL_ENABLE_DEBUG_INFO = NO;
				MTL_FAST_MATH = YES;
				SDKROOT = iphoneos;
				SWIFT_COMPILATION_MODE = wholemodule;
				SWIFT_OPTIMIZATION_LEVEL = "-O";
				VALIDATE_PRODUCT = YES;
			};
			name = Release;
		};
		3987F24021CB6643002B41A0 /* Debug */ = {
			isa = XCBuildConfiguration;
			buildSettings = {
				ASSETCATALOG_COMPILER_APPICON_NAME = AppIcon;
				CODE_SIGN_STYLE = Automatic;
				DEVELOPMENT_TEAM = T95KB5K5T4;
				INFOPLIST_FILE = MyMemory/Info.plist;
				LD_RUNPATH_SEARCH_PATHS = (
					"$(inherited)",
					"@executable_path/Frameworks",
				);
				PRODUCT_BUNDLE_IDENTIFIER = kr.co.iprovest.MyMemory;
				PRODUCT_NAME = "$(TARGET_NAME)";
				SWIFT_VERSION = 4.2;
				TARGETED_DEVICE_FAMILY = "1,2";
			};
			name = Debug;
		};
		3987F24121CB6643002B41A0 /* Release */ = {
			isa = XCBuildConfiguration;
			buildSettings = {
				ASSETCATALOG_COMPILER_APPICON_NAME = AppIcon;
				CODE_SIGN_STYLE = Automatic;
				DEVELOPMENT_TEAM = T95KB5K5T4;
				INFOPLIST_FILE = MyMemory/Info.plist;
				LD_RUNPATH_SEARCH_PATHS = (
					"$(inherited)",
					"@executable_path/Frameworks",
				);
				PRODUCT_BUNDLE_IDENTIFIER = kr.co.iprovest.MyMemory;
				PRODUCT_NAME = "$(TARGET_NAME)";
				SWIFT_VERSION = 4.2;
				TARGETED_DEVICE_FAMILY = "1,2";
			};
			name = Release;
		};
/* End XCBuildConfiguration section */

/* Begin XCConfigurationList section */
		3987F22521CB6641002B41A0 /* Build configuration list for PBXProject "MyMemory" */ = {
			isa = XCConfigurationList;
			buildConfigurations = (
				3987F23D21CB6643002B41A0 /* Debug */,
				3987F23E21CB6643002B41A0 /* Release */,
			);
			defaultConfigurationIsVisible = 0;
			defaultConfigurationName = Release;
		};
		3987F23F21CB6643002B41A0 /* Build configuration list for PBXNativeTarget "MyMemory" */ = {
			isa = XCConfigurationList;
			buildConfigurations = (
				3987F24021CB6643002B41A0 /* Debug */,
				3987F24121CB6643002B41A0 /* Release */,
			);
			defaultConfigurationIsVisible = 0;
			defaultConfigurationName = Release;
		};
/* End XCConfigurationList section */

/* Begin XCVersionGroup section */
		3987F23421CB6641002B41A0 /* MyMemory.xcdatamodeld */ = {
			isa = XCVersionGroup;
			children = (
				3987F23521CB6641002B41A0 /* MyMemory.xcdatamodel */,
			);
			currentVersion = 3987F23521CB6641002B41A0 /* MyMemory.xcdatamodel */;
			path = MyMemory.xcdatamodeld;
			sourceTree = "<group>";
			versionGroupType = wrapper.xcdatamodel;
		};
/* End XCVersionGroup section */
	};
	rootObject = 3987F22221CB6641002B41A0 /* Project object */;
}
